
Microsoft Visual Studio Solution File, Format Version 12.00
# Visual Studio Version 17
VisualStudioVersion = 17.4.33103.184
MinimumVisualStudioVersion = 10.0.40219.1
Project("{FAE04EC0-301F-11D3-BF4B-00C04F79EFBC}") = "APIPRODUCT", "APIPRODUCT\APIPRODUCT.csproj", "{40FE2509-A999-4681-8F6E-4038FA4F49FF}"
EndProject
Global
	GlobalSection(SolutionConfigurationPlatforms) = preSolution
		Debug|Any CPU = Debug|Any CPU
		Release|Any CPU = Release|Any CPU
	EndGlobalSection
	GlobalSection(ProjectConfigurationPlatforms) = postSolution
		{40FE2509-A999-4681-8F6E-4038FA4F49FF}.Debug|Any CPU.ActiveCfg = Debug|Any CPU
		{40FE2509-A999-4681-8F6E-4038FA4F49FF}.Debug|Any CPU.Build.0 = Debug|Any CPU
		{40FE2509-A999-4681-8F6E-4038FA4F49FF}.Release|Any CPU.ActiveCfg = Release|Any CPU
		{40FE2509-A999-4681-8F6E-4038FA4F49FF}.Release|Any CPU.Build.0 = Release|Any CPU
	EndGlobalSection
	GlobalSection(SolutionProperties) = preSolution
		HideSolutionNode = FALSE
	EndGlobalSection
	GlobalSection(ExtensibilityGlobals) = postSolution
		SolutionGuid = {6684086C-943D-4A0B-8CA5-1B1FD553FFC5}
	EndGlobalSection
EndGlobal
